
Microsoft Visual Studio Solution File, Format Version 12.00
# Visual Studio Version 17
VisualStudioVersion = 17.9.34723.18
MinimumVisualStudioVersion = 10.0.40219.1
Project("{9A19103F-16F7-4668-BE54-9A1E7A4F7556}") = "Geometry", "Geometry\Geometry.csproj", "{55350A38-EFEC-442C-8988-20235ABB2441}"
EndProject
Project("{FAE04EC0-301F-11D3-BF4B-00C04F79EFBC}") = "Geometry.Tests", "Geometry.Tests\Geometry.Tests.csproj", "{97616CCB-0C12-47C9-9692-910D5FD9F2EE}"
EndProject
Global
	GlobalSection(SolutionConfigurationPlatforms) = preSolution
		Debug|Any CPU = Debug|Any CPU
		Release|Any CPU = Release|Any CPU
	EndGlobalSection
	GlobalSection(ProjectConfigurationPlatforms) = postSolution
		{55350A38-EFEC-442C-8988-20235ABB2441}.Debug|Any CPU.ActiveCfg = Debug|Any CPU
		{55350A38-EFEC-442C-8988-20235ABB2441}.Debug|Any CPU.Build.0 = Debug|Any CPU
		{55350A38-EFEC-442C-8988-20235ABB2441}.Release|Any CPU.ActiveCfg = Release|Any CPU
		{55350A38-EFEC-442C-8988-20235ABB2441}.Release|Any CPU.Build.0 = Release|Any CPU
		{97616CCB-0C12-47C9-9692-910D5FD9F2EE}.Debug|Any CPU.ActiveCfg = Debug|Any CPU
		{97616CCB-0C12-47C9-9692-910D5FD9F2EE}.Debug|Any CPU.Build.0 = Debug|Any CPU
		{97616CCB-0C12-47C9-9692-910D5FD9F2EE}.Release|Any CPU.ActiveCfg = Release|Any CPU
		{97616CCB-0C12-47C9-9692-910D5FD9F2EE}.Release|Any CPU.Build.0 = Release|Any CPU
	EndGlobalSection
	GlobalSection(SolutionProperties) = preSolution
		HideSolutionNode = FALSE
	EndGlobalSection
	GlobalSection(ExtensibilityGlobals) = postSolution
		SolutionGuid = {2EC32FA7-BB54-4A37-B8D2-8ED8BDFD33BC}
	EndGlobalSection
EndGlobal
